# This file is automatically @generated by Cargo.
# It is not intended for manual editing.
version = 3

[[package]]
name = "ahash"
version = "0.4.7"
source = "registry+https://github.com/rust-lang/crates.io-index"
checksum = "739f4a8db6605981345c5654f3a85b056ce52f37a39d34da03f25bf2151ea16e"

[[package]]
name = "bit_field"
version = "0.10.1"
source = "registry+https://github.com/rust-lang/crates.io-index"
checksum = "dcb6dd1c2376d2e096796e234a70e17e94cc2d5d54ff8ce42b28cef1d0d359a4"

[[package]]
name = "hashbrown"
version = "0.9.1"
source = "registry+https://github.com/rust-lang/crates.io-index"
checksum = "d7afe4a420e3fe79967a00898cc1f4db7c8a49a9333a29f8a4bd76a253d5cd04"
dependencies = [
 "ahash",
]

[[package]]
name = "lazy_static"
version = "1.4.0"
source = "registry+https://github.com/rust-lang/crates.io-index"
checksum = "e2abad23fbc42b3700f2f279844dc832adb2b2eb069b2df918f455c4e18cc646"

[[package]]
name = "linkme"
version = "0.2.5"
source = "registry+https://github.com/rust-lang/crates.io-index"
checksum = "341d11f07d30e7ebc3fe1954bae4c2448a075f9d5c847e4a97f6b238bf4f1833"
dependencies = [
 "linkme-impl",
]

[[package]]
name = "linkme-impl"
version = "0.2.5"
source = "registry+https://github.com/rust-lang/crates.io-index"
checksum = "558c404124cbe636470829aa184dd30ac3fe7c6e8834e7f5292ac311ccf9b111"
dependencies = [
 "proc-macro2",
 "quote",
 "syn",
]

[[package]]
name = "lru"
version = "0.6.5"
source = "registry+https://github.com/rust-lang/crates.io-index"
checksum = "1f374d42cdfc1d7dbf3d3dec28afab2eb97ffbf43a3234d795b5986dbf4b90ba"
dependencies = [
 "hashbrown",
]

[[package]]
name = "macros"
version = "0.1.0"
dependencies = [
 "lazy_static",
 "linkme",
]

[[package]]
name = "proc-macro2"
version = "1.0.26"
source = "registry+https://github.com/rust-lang/crates.io-index"
checksum = "a152013215dca273577e18d2bf00fa862b89b24169fb78c4c95aeb07992c9cec"
dependencies = [
 "unicode-xid",
]

[[package]]
name = "proc_macros"
version = "0.1.0"
dependencies = [
 "linkme",
 "macros",
 "proc-macro2",
 "quote",
 "syn",
]

[[package]]
name = "quote"
version = "1.0.9"
source = "registry+https://github.com/rust-lang/crates.io-index"
checksum = "c3d0b9745dc2debf507c8422de05d7226cc1f0644216dfdfead988f9b1ab32a7"
dependencies = [
 "proc-macro2",
]

[[package]]
name = "riscv-emulator"
version = "0.1.0"
dependencies = [
 "bit_field",
 "lazy_static",
 "linkme",
 "lru",
 "macros",
 "proc_macros",
]

[[package]]
name = "syn"
version = "1.0.70"
source = "registry+https://github.com/rust-lang/crates.io-index"
checksum = "b9505f307c872bab8eb46f77ae357c8eba1fdacead58ee5a850116b1d7f82883"
dependencies = [
 "proc-macro2",
 "quote",
 "unicode-xid",
]

[[package]]
name = "unicode-xid"
version = "0.2.1"
source = "registry+https://github.com/rust-lang/crates.io-index"
checksum = "f7fe0bb3479651439c9112f72b6c505038574c9fbb575ed1bf3b797fa39dd564"
